
Microsoft Visual Studio Solution File, Format Version 12.00
# Visual Studio Version 17
VisualStudioVersion = 17.14.36408.4 d17.14
MinimumVisualStudioVersion = 10.0.40219.1
Project("{FAE04EC0-301F-11D3-BF4B-00C04F79EFBC}") = "HelloWorld", "HelloWorld\HelloWorld.csproj", "{4F486363-BC31-4F24-95D7-F01B828C0D41}"
EndProject
Project("{FAE04EC0-301F-11D3-BF4B-00C04F79EFBC}") = "ConsoleApp_001", "ConsoleApp_001\ConsoleApp_001.csproj", "{2FD52B3E-7615-4B2B-95B0-55D58B18AA46}"
EndProject
Global
	GlobalSection(SolutionConfigurationPlatforms) = preSolution
		Debug|Any CPU = Debug|Any CPU
		Release|Any CPU = Release|Any CPU
	EndGlobalSection
	GlobalSection(ProjectConfigurationPlatforms) = postSolution
		{4F486363-BC31-4F24-95D7-F01B828C0D41}.Debug|Any CPU.ActiveCfg = Debug|Any CPU
		{4F486363-BC31-4F24-95D7-F01B828C0D41}.Debug|Any CPU.Build.0 = Debug|Any CPU
		{4F486363-BC31-4F24-95D7-F01B828C0D41}.Release|Any CPU.ActiveCfg = Release|Any CPU
		{4F486363-BC31-4F24-95D7-F01B828C0D41}.Release|Any CPU.Build.0 = Release|Any CPU
		{2FD52B3E-7615-4B2B-95B0-55D58B18AA46}.Debug|Any CPU.ActiveCfg = Debug|Any CPU
		{2FD52B3E-7615-4B2B-95B0-55D58B18AA46}.Debug|Any CPU.Build.0 = Debug|Any CPU
		{2FD52B3E-7615-4B2B-95B0-55D58B18AA46}.Release|Any CPU.ActiveCfg = Release|Any CPU
		{2FD52B3E-7615-4B2B-95B0-55D58B18AA46}.Release|Any CPU.Build.0 = Release|Any CPU
	EndGlobalSection
	GlobalSection(SolutionProperties) = preSolution
		HideSolutionNode = FALSE
	EndGlobalSection
	GlobalSection(ExtensibilityGlobals) = postSolution
		SolutionGuid = {4C6DD9D6-C69A-4B0D-AD07-76C65BCEECAA}
	EndGlobalSection
EndGlobal
